# THIS IS AN AUTOGENERATED FILE. DO NOT EDIT THIS FILE DIRECTLY.
# yarn lockfile v1


"@babel/parser@^7.20.15", "@babel/parser@^7.21.3":
  version "7.22.3"
  resolved "https://registry.yarnpkg.com/@babel/parser/-/parser-7.22.3.tgz#838ae31893373222cd9062568e2192c670037e00"
  integrity sha512-vrukxyW/ep8UD1UDzOYpTKQ6abgjFoeG6L+4ar9+c5TN9QnlqiOi6QK7LSR5ewm/ERyGkT/Ai6VboNrxhbr9Uw==

"@esbuild/aix-ppc64@0.25.5":
  version "0.25.5"
  resolved "https://registry.yarnpkg.com/@esbuild/aix-ppc64/-/aix-ppc64-0.25.5.tgz#4e0f91776c2b340e75558f60552195f6fad09f18"
  integrity sha512-9o3TMmpmftaCMepOdA5k/yDw8SfInyzWWTjYTFCX3kPSDJMROQTb8jg+h9Cnwnmm1vOzvxN7gIfB5V2ewpjtGA==

"@esbuild/android-arm64@0.25.5":
  version "0.25.5"
  resolved "https://registry.yarnpkg.com/@esbuild/android-arm64/-/android-arm64-0.25.5.tgz#bc766407f1718923f6b8079c8c61bf86ac3a6a4f"
  integrity sha512-VGzGhj4lJO+TVGV1v8ntCZWJktV7SGCs3Pn1GRWI1SBFtRALoomm8k5E9Pmwg3HOAal2VDc2F9+PM/rEY6oIDg==

"@esbuild/android-arm@0.25.5":
  version "0.25.5"
  resolved "https://registry.yarnpkg.com/@esbuild/android-arm/-/android-arm-0.25.5.tgz#4290d6d3407bae3883ad2cded1081a234473ce26"
  integrity sha512-AdJKSPeEHgi7/ZhuIPtcQKr5RQdo6OO2IL87JkianiMYMPbCtot9fxPbrMiBADOWWm3T2si9stAiVsGbTQFkbA==

"@esbuild/android-x64@0.25.5":
  version "0.25.5"
  resolved "https://registry.yarnpkg.com/@esbuild/android-x64/-/android-x64-0.25.5.tgz#40c11d9cbca4f2406548c8a9895d321bc3b35eff"
  integrity sha512-D2GyJT1kjvO//drbRT3Hib9XPwQeWd9vZoBJn+bu/lVsOZ13cqNdDeqIF/xQ5/VmWvMduP6AmXvylO/PIc2isw==

"@esbuild/darwin-arm64@0.25.5":
  version "0.25.5"
  resolved "https://registry.yarnpkg.com/@esbuild/darwin-arm64/-/darwin-arm64-0.25.5.tgz#49d8bf8b1df95f759ac81eb1d0736018006d7e34"
  integrity sha512-GtaBgammVvdF7aPIgH2jxMDdivezgFu6iKpmT+48+F8Hhg5J/sfnDieg0aeG/jfSvkYQU2/pceFPDKlqZzwnfQ==

"@esbuild/darwin-x64@0.25.5":
  version "0.25.5"
  resolved "https://registry.yarnpkg.com/@esbuild/darwin-x64/-/darwin-x64-0.25.5.tgz#e27a5d92a14886ef1d492fd50fc61a2d4d87e418"
  integrity sha512-1iT4FVL0dJ76/q1wd7XDsXrSW+oLoquptvh4CLR4kITDtqi2e/xwXwdCVH8hVHU43wgJdsq7Gxuzcs6Iq/7bxQ==

"@esbuild/freebsd-arm64@0.25.5":
  version "0.25.5"
  resolved "https://registry.yarnpkg.com/@esbuild/freebsd-arm64/-/freebsd-arm64-0.25.5.tgz#97cede59d638840ca104e605cdb9f1b118ba0b1c"
  integrity sha512-nk4tGP3JThz4La38Uy/gzyXtpkPW8zSAmoUhK9xKKXdBCzKODMc2adkB2+8om9BDYugz+uGV7sLmpTYzvmz6Sw==

"@esbuild/freebsd-x64@0.25.5":
  version "0.25.5"
  resolved "https://registry.yarnpkg.com/@esbuild/freebsd-x64/-/freebsd-x64-0.25.5.tgz#71c77812042a1a8190c3d581e140d15b876b9c6f"
  integrity sha512-PrikaNjiXdR2laW6OIjlbeuCPrPaAl0IwPIaRv+SMV8CiM8i2LqVUHFC1+8eORgWyY7yhQY+2U2fA55mBzReaw==

"@esbuild/linux-arm64@0.25.5":
  version "0.25.5"
  resolved "https://registry.yarnpkg.com/@esbuild/linux-arm64/-/linux-arm64-0.25.5.tgz#f7b7c8f97eff8ffd2e47f6c67eb5c9765f2181b8"
  integrity sha512-Z9kfb1v6ZlGbWj8EJk9T6czVEjjq2ntSYLY2cw6pAZl4oKtfgQuS4HOq41M/BcoLPzrUbNd+R4BXFyH//nHxVg==

"@esbuild/linux-arm@0.25.5":
  version "0.25.5"
  resolved "https://registry.yarnpkg.com/@esbuild/linux-arm/-/linux-arm-0.25.5.tgz#2a0be71b6cd8201fa559aea45598dffabc05d911"
  integrity sha512-cPzojwW2okgh7ZlRpcBEtsX7WBuqbLrNXqLU89GxWbNt6uIg78ET82qifUy3W6OVww6ZWobWub5oqZOVtwolfw==

"@esbuild/linux-ia32@0.25.5":
  version "0.25.5"
  resolved "https://registry.yarnpkg.com/@esbuild/linux-ia32/-/linux-ia32-0.25.5.tgz#763414463cd9ea6fa1f96555d2762f9f84c61783"
  integrity sha512-sQ7l00M8bSv36GLV95BVAdhJ2QsIbCuCjh/uYrWiMQSUuV+LpXwIqhgJDcvMTj+VsQmqAHL2yYaasENvJ7CDKA==

"@esbuild/linux-loong64@0.25.5":
  version "0.25.5"
  resolved "https://registry.yarnpkg.com/@esbuild/linux-loong64/-/linux-loong64-0.25.5.tgz#428cf2213ff786a502a52c96cf29d1fcf1eb8506"
  integrity sha512-0ur7ae16hDUC4OL5iEnDb0tZHDxYmuQyhKhsPBV8f99f6Z9KQM02g33f93rNH5A30agMS46u2HP6qTdEt6Q1kg==

"@esbuild/linux-mips64el@0.25.5":
  version "0.25.5"
  resolved "https://registry.yarnpkg.com/@esbuild/linux-mips64el/-/linux-mips64el-0.25.5.tgz#5cbcc7fd841b4cd53358afd33527cd394e325d96"
  integrity sha512-kB/66P1OsHO5zLz0i6X0RxlQ+3cu0mkxS3TKFvkb5lin6uwZ/ttOkP3Z8lfR9mJOBk14ZwZ9182SIIWFGNmqmg==

"@esbuild/linux-ppc64@0.25.5":
  version "0.25.5"
  resolved "https://registry.yarnpkg.com/@esbuild/linux-ppc64/-/linux-ppc64-0.25.5.tgz#0d954ab39ce4f5e50f00c4f8c4fd38f976c13ad9"
  integrity sha512-UZCmJ7r9X2fe2D6jBmkLBMQetXPXIsZjQJCjgwpVDz+YMcS6oFR27alkgGv3Oqkv07bxdvw7fyB71/olceJhkQ==

"@esbuild/linux-riscv64@0.25.5":
  version "0.25.5"
  resolved "https://registry.yarnpkg.com/@esbuild/linux-riscv64/-/linux-riscv64-0.25.5.tgz#0e7dd30730505abd8088321e8497e94b547bfb1e"
  integrity sha512-kTxwu4mLyeOlsVIFPfQo+fQJAV9mh24xL+y+Bm6ej067sYANjyEw1dNHmvoqxJUCMnkBdKpvOn0Ahql6+4VyeA==

"@esbuild/linux-s390x@0.25.5":
  version "0.25.5"
  resolved "https://registry.yarnpkg.com/@esbuild/linux-s390x/-/linux-s390x-0.25.5.tgz#5669af81327a398a336d7e40e320b5bbd6e6e72d"
  integrity sha512-K2dSKTKfmdh78uJ3NcWFiqyRrimfdinS5ErLSn3vluHNeHVnBAFWC8a4X5N+7FgVE1EjXS1QDZbpqZBjfrqMTQ==

"@esbuild/linux-x64@0.25.5":
  version "0.25.5"
  resolved "https://registry.yarnpkg.com/@esbuild/linux-x64/-/linux-x64-0.25.5.tgz#b2357dd153aa49038967ddc1ffd90c68a9d2a0d4"
  integrity sha512-uhj8N2obKTE6pSZ+aMUbqq+1nXxNjZIIjCjGLfsWvVpy7gKCOL6rsY1MhRh9zLtUtAI7vpgLMK6DxjO8Qm9lJw==

"@esbuild/netbsd-arm64@0.25.5":
  version "0.25.5"
  resolved "https://registry.yarnpkg.com/@esbuild/netbsd-arm64/-/netbsd-arm64-0.25.5.tgz#53b4dfb8fe1cee93777c9e366893bd3daa6ba63d"
  integrity sha512-pwHtMP9viAy1oHPvgxtOv+OkduK5ugofNTVDilIzBLpoWAM16r7b/mxBvfpuQDpRQFMfuVr5aLcn4yveGvBZvw==

"@esbuild/netbsd-x64@0.25.5":
  version "0.25.5"
  resolved "https://registry.yarnpkg.com/@esbuild/netbsd-x64/-/netbsd-x64-0.25.5.tgz#a0206f6314ce7dc8713b7732703d0f58de1d1e79"
  integrity sha512-WOb5fKrvVTRMfWFNCroYWWklbnXH0Q5rZppjq0vQIdlsQKuw6mdSihwSo4RV/YdQ5UCKKvBy7/0ZZYLBZKIbwQ==

"@esbuild/openbsd-arm64@0.25.5":
  version "0.25.5"
  resolved "https://registry.yarnpkg.com/@esbuild/openbsd-arm64/-/openbsd-arm64-0.25.5.tgz#2a796c87c44e8de78001d808c77d948a21ec22fd"
  integrity sha512-7A208+uQKgTxHd0G0uqZO8UjK2R0DDb4fDmERtARjSHWxqMTye4Erz4zZafx7Di9Cv+lNHYuncAkiGFySoD+Mw==

"@esbuild/openbsd-x64@0.25.5":
  version "0.25.5"
  resolved "https://registry.yarnpkg.com/@esbuild/openbsd-x64/-/openbsd-x64-0.25.5.tgz#28d0cd8909b7fa3953af998f2b2ed34f576728f0"
  integrity sha512-G4hE405ErTWraiZ8UiSoesH8DaCsMm0Cay4fsFWOOUcz8b8rC6uCvnagr+gnioEjWn0wC+o1/TAHt+It+MpIMg==

"@esbuild/sunos-x64@0.25.5":
  version "0.25.5"
  resolved "https://registry.yarnpkg.com/@esbuild/sunos-x64/-/sunos-x64-0.25.5.tgz#a28164f5b997e8247d407e36c90d3fd5ddbe0dc5"
  integrity sha512-l+azKShMy7FxzY0Rj4RCt5VD/q8mG/e+mDivgspo+yL8zW7qEwctQ6YqKX34DTEleFAvCIUviCFX1SDZRSyMQA==

"@esbuild/win32-arm64@0.25.5":
  version "0.25.5"
  resolved "https://registry.yarnpkg.com/@esbuild/win32-arm64/-/win32-arm64-0.25.5.tgz#6eadbead38e8bd12f633a5190e45eff80e24007e"
  integrity sha512-O2S7SNZzdcFG7eFKgvwUEZ2VG9D/sn/eIiz8XRZ1Q/DO5a3s76Xv0mdBzVM5j5R639lXQmPmSo0iRpHqUUrsxw==

"@esbuild/win32-ia32@0.25.5":
  version "0.25.5"
  resolved "https://registry.yarnpkg.com/@esbuild/win32-ia32/-/win32-ia32-0.25.5.tgz#bab6288005482f9ed2adb9ded7e88eba9a62cc0d"
  integrity sha512-onOJ02pqs9h1iMJ1PQphR+VZv8qBMQ77Klcsqv9CNW2w6yLqoURLcgERAIurY6QE63bbLuqgP9ATqajFLK5AMQ==

"@esbuild/win32-x64@0.25.5":
  version "0.25.5"
  resolved "https://registry.yarnpkg.com/@esbuild/win32-x64/-/win32-x64-0.25.5.tgz#7fc114af5f6563f19f73324b5d5ff36ece0803d1"
  integrity sha512-TXv6YnJ8ZMVdX+SXWVBo/0p8LTcrUYngpWjvm91TMjjBQii7Oz11Lw5lbDV5Y0TzuhSJHwiH4hEtC1I42mMS0g==

"@jridgewell/sourcemap-codec@^1.4.13":
  version "1.4.15"
  resolved "https://registry.yarnpkg.com/@jridgewell/sourcemap-codec/-/sourcemap-codec-1.4.15.tgz#d7c6e6755c78567a951e04ab52ef0fd26de59f32"
  integrity sha512-eF2rxCRulEKXHTRiDrDy6erMYWqNw4LPdQ8UQA4huuxaQsVeRPFl2oM8oDGxMFhJUWZf9McpLtJasDDZb/Bpeg==

"@rollup/rollup-android-arm-eabi@4.44.1":
  version "4.44.1"
  resolved "https://registry.yarnpkg.com/@rollup/rollup-android-arm-eabi/-/rollup-android-arm-eabi-4.44.1.tgz#f768e3b2b0e6b55c595d7a053652c06413713983"
  integrity sha512-JAcBr1+fgqx20m7Fwe1DxPUl/hPkee6jA6Pl7n1v2EFiktAHenTaXl5aIFjUIEsfn9w3HE4gK1lEgNGMzBDs1w==

"@rollup/rollup-android-arm64@4.44.1":
  version "4.44.1"
  resolved "https://registry.yarnpkg.com/@rollup/rollup-android-arm64/-/rollup-android-arm64-4.44.1.tgz#40379fd5501cfdfd7d8f86dfa1d3ce8d3a609493"
  integrity sha512-RurZetXqTu4p+G0ChbnkwBuAtwAbIwJkycw1n6GvlGlBuS4u5qlr5opix8cBAYFJgaY05TWtM+LaoFggUmbZEQ==

"@rollup/rollup-darwin-arm64@4.44.1":
  version "4.44.1"
  resolved "https://registry.yarnpkg.com/@rollup/rollup-darwin-arm64/-/rollup-darwin-arm64-4.44.1.tgz#972c227bc89fe8a38a3f0c493e1966900e4e1ff7"
  integrity sha512-fM/xPesi7g2M7chk37LOnmnSTHLG/v2ggWqKj3CCA1rMA4mm5KVBT1fNoswbo1JhPuNNZrVwpTvlCVggv8A2zg==

"@rollup/rollup-darwin-x64@4.44.1":
  version "4.44.1"
  resolved "https://registry.yarnpkg.com/@rollup/rollup-darwin-x64/-/rollup-darwin-x64-4.44.1.tgz#96c919dcb87a5aa7dec5f7f77d90de881e578fdd"
  integrity sha512-gDnWk57urJrkrHQ2WVx9TSVTH7lSlU7E3AFqiko+bgjlh78aJ88/3nycMax52VIVjIm3ObXnDL2H00e/xzoipw==

"@rollup/rollup-freebsd-arm64@4.44.1":
  version "4.44.1"
  resolved "https://registry.yarnpkg.com/@rollup/rollup-freebsd-arm64/-/rollup-freebsd-arm64-4.44.1.tgz#d199d8eaef830179c0c95b7a6e5455e893d1102c"
  integrity sha512-wnFQmJ/zPThM5zEGcnDcCJeYJgtSLjh1d//WuHzhf6zT3Md1BvvhJnWoy+HECKu2bMxaIcfWiu3bJgx6z4g2XA==

"@rollup/rollup-freebsd-x64@4.44.1":
  version "4.44.1"
  resolved "https://registry.yarnpkg.com/@rollup/rollup-freebsd-x64/-/rollup-freebsd-x64-4.44.1.tgz#cab01f9e06ca756c1fabe87d64825ae016af4713"
  integrity sha512-uBmIxoJ4493YATvU2c0upGz87f99e3wop7TJgOA/bXMFd2SvKCI7xkxY/5k50bv7J6dw1SXT4MQBQSLn8Bb/Uw==

"@rollup/rollup-linux-arm-gnueabihf@4.44.1":
  version "4.44.1"
  resolved "https://registry.yarnpkg.com/@rollup/rollup-linux-arm-gnueabihf/-/rollup-linux-arm-gnueabihf-4.44.1.tgz#f6f1c42036dba0e58dc2315305429beff0d02c78"
  integrity sha512-n0edDmSHlXFhrlmTK7XBuwKlG5MbS7yleS1cQ9nn4kIeW+dJH+ExqNgQ0RrFRew8Y+0V/x6C5IjsHrJmiHtkxQ==

"@rollup/rollup-linux-arm-musleabihf@4.44.1":
  version "4.44.1"
  resolved "https://registry.yarnpkg.com/@rollup/rollup-linux-arm-musleabihf/-/rollup-linux-arm-musleabihf-4.44.1.tgz#1157e98e740facf858993fb51431dce3a4a96239"
  integrity sha512-8WVUPy3FtAsKSpyk21kV52HCxB+me6YkbkFHATzC2Yd3yuqHwy2lbFL4alJOLXKljoRw08Zk8/xEj89cLQ/4Nw==

"@rollup/rollup-linux-arm64-gnu@4.44.1":
  version "4.44.1"
  resolved "https://registry.yarnpkg.com/@rollup/rollup-linux-arm64-gnu/-/rollup-linux-arm64-gnu-4.44.1.tgz#b39db73f8a4c22e7db31a4f3fd45170105f33265"
  integrity sha512-yuktAOaeOgorWDeFJggjuCkMGeITfqvPgkIXhDqsfKX8J3jGyxdDZgBV/2kj/2DyPaLiX6bPdjJDTu9RB8lUPQ==

"@rollup/rollup-linux-arm64-musl@4.44.1":
  version "4.44.1"
  resolved "https://registry.yarnpkg.com/@rollup/rollup-linux-arm64-musl/-/rollup-linux-arm64-musl-4.44.1.tgz#4043398049fe4449c1485312d1ae9ad8af4056dd"
  integrity sha512-W+GBM4ifET1Plw8pdVaecwUgxmiH23CfAUj32u8knq0JPFyK4weRy6H7ooxYFD19YxBulL0Ktsflg5XS7+7u9g==

"@rollup/rollup-linux-loongarch64-gnu@4.44.1":
  version "4.44.1"
  resolved "https://registry.yarnpkg.com/@rollup/rollup-linux-loongarch64-gnu/-/rollup-linux-loongarch64-gnu-4.44.1.tgz#855a80e7e86490da15a85dcce247dbc25265bc08"
  integrity sha512-1zqnUEMWp9WrGVuVak6jWTl4fEtrVKfZY7CvcBmUUpxAJ7WcSowPSAWIKa/0o5mBL/Ij50SIf9tuirGx63Ovew==

"@rollup/rollup-linux-powerpc64le-gnu@4.44.1":
  version "4.44.1"
  resolved "https://registry.yarnpkg.com/@rollup/rollup-linux-powerpc64le-gnu/-/rollup-linux-powerpc64le-gnu-4.44.1.tgz#8cf843cb7ab1d42e1dda680937cf0a2db6d59047"
  integrity sha512-Rl3JKaRu0LHIx7ExBAAnf0JcOQetQffaw34T8vLlg9b1IhzcBgaIdnvEbbsZq9uZp3uAH+JkHd20Nwn0h9zPjA==

"@rollup/rollup-linux-riscv64-gnu@4.44.1":
  version "4.44.1"
  resolved "https://registry.yarnpkg.com/@rollup/rollup-linux-riscv64-gnu/-/rollup-linux-riscv64-gnu-4.44.1.tgz#287c085472976c8711f16700326f736a527f2f38"
  integrity sha512-j5akelU3snyL6K3N/iX7otLBIl347fGwmd95U5gS/7z6T4ftK288jKq3A5lcFKcx7wwzb5rgNvAg3ZbV4BqUSw==

"@rollup/rollup-linux-riscv64-musl@4.44.1":
  version "4.44.1"
  resolved "https://registry.yarnpkg.com/@rollup/rollup-linux-riscv64-musl/-/rollup-linux-riscv64-musl-4.44.1.tgz#095ad5e53a54ba475979f1b3226b92440c95c892"
  integrity sha512-ppn5llVGgrZw7yxbIm8TTvtj1EoPgYUAbfw0uDjIOzzoqlZlZrLJ/KuiE7uf5EpTpCTrNt1EdtzF0naMm0wGYg==

"@rollup/rollup-linux-s390x-gnu@4.44.1":
  version "4.44.1"
  resolved "https://registry.yarnpkg.com/@rollup/rollup-linux-s390x-gnu/-/rollup-linux-s390x-gnu-4.44.1.tgz#a3dec8281d8f2aef1703e48ebc65d29fe847933c"
  integrity sha512-Hu6hEdix0oxtUma99jSP7xbvjkUM/ycke/AQQ4EC5g7jNRLLIwjcNwaUy95ZKBJJwg1ZowsclNnjYqzN4zwkAw==

"@rollup/rollup-linux-x64-gnu@4.44.1":
  version "4.44.1"
  resolved "https://registry.yarnpkg.com/@rollup/rollup-linux-x64-gnu/-/rollup-linux-x64-gnu-4.44.1.tgz#4b211e6fd57edd6a134740f4f8e8ea61972ff2c5"
  integrity sha512-EtnsrmZGomz9WxK1bR5079zee3+7a+AdFlghyd6VbAjgRJDbTANJ9dcPIPAi76uG05micpEL+gPGmAKYTschQw==

"@rollup/rollup-linux-x64-musl@4.44.1":
  version "4.44.1"
  resolved "https://registry.yarnpkg.com/@rollup/rollup-linux-x64-musl/-/rollup-linux-x64-musl-4.44.1.tgz#3ecbf8e21b4157e57bb15dc6837b6db851f9a336"
  integrity sha512-iAS4p+J1az6Usn0f8xhgL4PaU878KEtutP4hqw52I4IO6AGoyOkHCxcc4bqufv1tQLdDWFx8lR9YlwxKuv3/3g==

"@rollup/rollup-win32-arm64-msvc@4.44.1":
  version "4.44.1"
  resolved "https://registry.yarnpkg.com/@rollup/rollup-win32-arm64-msvc/-/rollup-win32-arm64-msvc-4.44.1.tgz#d4aae38465b2ad200557b53c8c817266a3ddbfd0"
  integrity sha512-NtSJVKcXwcqozOl+FwI41OH3OApDyLk3kqTJgx8+gp6On9ZEt5mYhIsKNPGuaZr3p9T6NWPKGU/03Vw4CNU9qg==

"@rollup/rollup-win32-ia32-msvc@4.44.1":
  version "4.44.1"
  resolved "https://registry.yarnpkg.com/@rollup/rollup-win32-ia32-msvc/-/rollup-win32-ia32-msvc-4.44.1.tgz#0258e8ca052abd48b23fd6113360fa0cd1ec3e23"
  integrity sha512-JYA3qvCOLXSsnTR3oiyGws1Dm0YTuxAAeaYGVlGpUsHqloPcFjPg+X0Fj2qODGLNwQOAcCiQmHub/V007kiH5A==

"@rollup/rollup-win32-x64-msvc@4.44.1":
  version "4.44.1"
  resolved "https://registry.yarnpkg.com/@rollup/rollup-win32-x64-msvc/-/rollup-win32-x64-msvc-4.44.1.tgz#1c982f6a5044ffc2a35cd754a0951bdcb44d5ba0"
  integrity sha512-J8o22LuF0kTe7m+8PvW9wk3/bRq5+mRo5Dqo6+vXb7otCm3TPhYOJqOaQtGU9YMWQSL3krMnoOxMr0+9E6F3Ug==

"@types/bignumber.js@^5.0.0":
  version "5.0.0"
  resolved "https://registry.yarnpkg.com/@types/bignumber.js/-/bignumber.js-5.0.0.tgz#d9f1a378509f3010a3255e9cc822ad0eeb4ab969"
  integrity sha512-0DH7aPGCClywOFaxxjE6UwpN2kQYe9LwuDQMv+zYA97j5GkOMo8e66LYT+a8JYU7jfmUFRZLa9KycxHDsKXJCA==
  dependencies:
    bignumber.js "*"

"@types/crypto-js@^4.0.2":
  version "4.1.1"
  resolved "https://registry.yarnpkg.com/@types/crypto-js/-/crypto-js-4.1.1.tgz#602859584cecc91894eb23a4892f38cfa927890d"
  integrity sha512-BG7fQKZ689HIoc5h+6D2Dgq1fABRa0RbBWKBd9SP/MVRVXROflpm5fhwyATX5duFmbStzyzyycPB8qUYKDH3NA==

"@types/estree@1.0.8":
  version "1.0.8"
  resolved "https://registry.yarnpkg.com/@types/estree/-/estree-1.0.8.tgz#958b91c991b1867ced318bedea0e215ee050726e"
  integrity sha512-dWHzHa2WqEXI/O1E9OjrocMTKJl2mSrEolh1Iomrv6U+JuNwaHXsXx9bLu5gG7BUWFIN0skIQJQ/L1rIex4X6w==

"@vitejs/plugin-vue@^4.0.0":
  version "4.2.3"
  resolved "https://registry.yarnpkg.com/@vitejs/plugin-vue/-/plugin-vue-4.2.3.tgz#ee0b6dfcc62fe65364e6395bf38fa2ba10bb44b6"
  integrity sha512-R6JDUfiZbJA9cMiguQ7jxALsgiprjBeHL5ikpXfJCH62pPHtI+JdJ5xWj6Ev73yXSlYl86+blXn1kZHQ7uElxw==

"@volar/language-core@1.4.1":
  version "1.4.1"
  resolved "https://registry.yarnpkg.com/@volar/language-core/-/language-core-1.4.1.tgz#66b5758252e35c4e5e71197ca7fa0344d306442c"
  integrity sha512-EIY+Swv+TjsWpxOxujjMf1ZXqOjg9MT2VMXZ+1dKva0wD8W0L6EtptFFcCJdBbcKmGMFkr57Qzz9VNMWhs3jXQ==
  dependencies:
    "@volar/source-map" "1.4.1"

"@volar/source-map@1.4.1":
  version "1.4.1"
  resolved "https://registry.yarnpkg.com/@volar/source-map/-/source-map-1.4.1.tgz#e3b561775c742508e5e1f28609a4787c98056715"
  integrity sha512-bZ46ad72dsbzuOWPUtJjBXkzSQzzSejuR3CT81+GvTEI2E994D8JPXzM3tl98zyCNnjgs4OkRyliImL1dvJ5BA==
  dependencies:
    muggle-string "^0.2.2"

"@volar/typescript@1.4.1-patch.2":
  version "1.4.1-patch.2"
  resolved "https://registry.yarnpkg.com/@volar/typescript/-/typescript-1.4.1-patch.2.tgz#89f4bd199ca81a832d86d1449b01f49f2b72137c"
  integrity sha512-lPFYaGt8OdMEzNGJJChF40uYqMO4Z/7Q9fHPQC/NRVtht43KotSXLrkPandVVMf9aPbiJ059eAT+fwHGX16k4w==
  dependencies:
    "@volar/language-core" "1.4.1"

"@volar/vue-language-core@1.6.5":
  version "1.6.5"
  resolved "https://registry.yarnpkg.com/@volar/vue-language-core/-/vue-language-core-1.6.5.tgz#db42520f1a29737c7e40fbb3e6aead8def85ba75"
  integrity sha512-IF2b6hW4QAxfsLd5mePmLgtkXzNi+YnH6ltCd80gb7+cbdpFMjM1I+w+nSg2kfBTyfu+W8useCZvW89kPTBpzg==
  dependencies:
    "@volar/language-core" "1.4.1"
    "@volar/source-map" "1.4.1"
    "@vue/compiler-dom" "^3.3.0"
    "@vue/compiler-sfc" "^3.3.0"
    "@vue/reactivity" "^3.3.0"
    "@vue/shared" "^3.3.0"
    minimatch "^9.0.0"
    muggle-string "^0.2.2"
    vue-template-compiler "^2.7.14"

"@volar/vue-typescript@1.6.5":
  version "1.6.5"
  resolved "https://registry.yarnpkg.com/@volar/vue-typescript/-/vue-typescript-1.6.5.tgz#6ca9bfefa5dc64ff97fcdbc74249e5e7da44e533"
  integrity sha512-er9rVClS4PHztMUmtPMDTl+7c7JyrxweKSAEe/o/Noeq2bQx6v3/jZHVHBe8ZNUti5ubJL/+Tg8L3bzmlalV8A==
  dependencies:
    "@volar/typescript" "1.4.1-patch.2"
    "@volar/vue-language-core" "1.6.5"

"@vue/compiler-core@3.3.4":
  version "3.3.4"
  resolved "https://registry.yarnpkg.com/@vue/compiler-core/-/compiler-core-3.3.4.tgz#7fbf591c1c19e1acd28ffd284526e98b4f581128"
  integrity sha512-cquyDNvZ6jTbf/+x+AgM2Arrp6G4Dzbb0R64jiG804HRMfRiFXWI6kqUVqZ6ZR0bQhIoQjB4+2bhNtVwndW15g==
  dependencies:
    "@babel/parser" "^7.21.3"
    "@vue/shared" "3.3.4"
    estree-walker "^2.0.2"
    source-map-js "^1.0.2"

"@vue/compiler-dom@3.3.4", "@vue/compiler-dom@^3.3.0":
  version "3.3.4"
  resolved "https://registry.yarnpkg.com/@vue/compiler-dom/-/compiler-dom-3.3.4.tgz#f56e09b5f4d7dc350f981784de9713d823341151"
  integrity sha512-wyM+OjOVpuUukIq6p5+nwHYtj9cFroz9cwkfmP9O1nzH68BenTTv0u7/ndggT8cIQlnBeOo6sUT/gvHcIkLA5w==
  dependencies:
    "@vue/compiler-core" "3.3.4"
    "@vue/shared" "3.3.4"

"@vue/compiler-sfc@3.3.4", "@vue/compiler-sfc@^3.3.0":
  version "3.3.4"
  resolved "https://registry.yarnpkg.com/@vue/compiler-sfc/-/compiler-sfc-3.3.4.tgz#b19d942c71938893535b46226d602720593001df"
  integrity sha512-6y/d8uw+5TkCuzBkgLS0v3lSM3hJDntFEiUORM11pQ/hKvkhSKZrXW6i69UyXlJQisJxuUEJKAWEqWbWsLeNKQ==
  dependencies:
    "@babel/parser" "^7.20.15"
    "@vue/compiler-core" "3.3.4"
    "@vue/compiler-dom" "3.3.4"
    "@vue/compiler-ssr" "3.3.4"
    "@vue/reactivity-transform" "3.3.4"
    "@vue/shared" "3.3.4"
    estree-walker "^2.0.2"
    magic-string "^0.30.0"
    postcss "^8.1.10"
    source-map-js "^1.0.2"

"@vue/compiler-ssr@3.3.4":
  version "3.3.4"
  resolved "https://registry.yarnpkg.com/@vue/compiler-ssr/-/compiler-ssr-3.3.4.tgz#9d1379abffa4f2b0cd844174ceec4a9721138777"
  integrity sha512-m0v6oKpup2nMSehwA6Uuu+j+wEwcy7QmwMkVNVfrV9P2qE5KshC6RwOCq8fjGS/Eak/uNb8AaWekfiXxbBB6gQ==
  dependencies:
    "@vue/compiler-dom" "3.3.4"
    "@vue/shared" "3.3.4"

"@vue/devtools-api@^6.0.0":
  version "6.5.0"
  resolved "https://registry.yarnpkg.com/@vue/devtools-api/-/devtools-api-6.5.0.tgz#98b99425edee70b4c992692628fa1ea2c1e57d07"
  integrity sha512-o9KfBeaBmCKl10usN4crU53fYtC1r7jJwdGKjPT24t348rHxgfpZ0xL3Xm/gLUYnc0oTp8LAmrxOeLyu6tbk2Q==

"@vue/reactivity-transform@3.3.4":
  version "3.3.4"
  resolved "https://registry.yarnpkg.com/@vue/reactivity-transform/-/reactivity-transform-3.3.4.tgz#52908476e34d6a65c6c21cd2722d41ed8ae51929"
  integrity sha512-MXgwjako4nu5WFLAjpBnCj/ieqcjE2aJBINUNQzkZQfzIZA4xn+0fV1tIYBJvvva3N3OvKGofRLvQIwEQPpaXw==
  dependencies:
    "@babel/parser" "^7.20.15"
    "@vue/compiler-core" "3.3.4"
    "@vue/shared" "3.3.4"
    estree-walker "^2.0.2"
    magic-string "^0.30.0"

"@vue/reactivity@3.3.4", "@vue/reactivity@^3.3.0":
  version "3.3.4"
  resolved "https://registry.yarnpkg.com/@vue/reactivity/-/reactivity-3.3.4.tgz#a27a29c6cd17faba5a0e99fbb86ee951653e2253"
  integrity sha512-kLTDLwd0B1jG08NBF3R5rqULtv/f8x3rOFByTDz4J53ttIQEDmALqKqXY0J+XQeN0aV2FBxY8nJDf88yvOPAqQ==
  dependencies:
    "@vue/shared" "3.3.4"

"@vue/runtime-core@3.3.4":
  version "3.3.4"
  resolved "https://registry.yarnpkg.com/@vue/runtime-core/-/runtime-core-3.3.4.tgz#4bb33872bbb583721b340f3088888394195967d1"
  integrity sha512-R+bqxMN6pWO7zGI4OMlmvePOdP2c93GsHFM/siJI7O2nxFRzj55pLwkpCedEY+bTMgp5miZ8CxfIZo3S+gFqvA==
  dependencies:
    "@vue/reactivity" "3.3.4"
    "@vue/shared" "3.3.4"

"@vue/runtime-dom@3.3.4":
  version "3.3.4"
  resolved "https://registry.yarnpkg.com/@vue/runtime-dom/-/runtime-dom-3.3.4.tgz#992f2579d0ed6ce961f47bbe9bfe4b6791251566"
  integrity sha512-Aj5bTJ3u5sFsUckRghsNjVTtxZQ1OyMWCr5dZRAPijF/0Vy4xEoRCwLyHXcj4D0UFbJ4lbx3gPTgg06K/GnPnQ==
  dependencies:
    "@vue/runtime-core" "3.3.4"
    "@vue/shared" "3.3.4"
    csstype "^3.1.1"

"@vue/server-renderer@3.3.4":
  version "3.3.4"
  resolved "https://registry.yarnpkg.com/@vue/server-renderer/-/server-renderer-3.3.4.tgz#ea46594b795d1536f29bc592dd0f6655f7ea4c4c"
  integrity sha512-Q6jDDzR23ViIb67v+vM1Dqntu+HUexQcsWKhhQa4ARVzxOY2HbC7QRW/ggkDBd5BU+uM1sV6XOAP0b216o34JQ==
  dependencies:
    "@vue/compiler-ssr" "3.3.4"
    "@vue/shared" "3.3.4"

"@vue/shared@3.3.4", "@vue/shared@^3.3.0":
  version "3.3.4"
  resolved "https://registry.yarnpkg.com/@vue/shared/-/shared-3.3.4.tgz#06e83c5027f464eef861c329be81454bc8b70780"
  integrity sha512-7OjdcV8vQ74eiz1TZLzZP4JwqM5fA94K6yntPS5Z25r9HDuGNzaGdgvwKYq6S+MxwF0TFRwe50fIR/MYnakdkQ==

asynckit@^0.4.0:
  version "0.4.0"
  resolved "https://registry.yarnpkg.com/asynckit/-/asynckit-0.4.0.tgz#c79ed97f7f34cb8f2ba1bc9790bcc366474b4b79"
  integrity sha512-Oei9OH4tRh0YqU3GxhX79dM/mwVgvbZJaSNaRk+bshkj0S5cfHcgYakreBjrHwatXKbz+IoIdYLxrKim2MjW0Q==

axios@^1.10.0:
  version "1.10.0"
  resolved "https://registry.yarnpkg.com/axios/-/axios-1.10.0.tgz#af320aee8632eaf2a400b6a1979fa75856f38d54"
  integrity sha512-/1xYAC4MP/HEG+3duIhFr4ZQXR4sQXOIe+o6sdqzeykGLx6Upp/1p8MHqhINOvGeP7xyNHe7tsiJByc4SSVUxw==
  dependencies:
    follow-redirects "^1.15.6"
    form-data "^4.0.0"
    proxy-from-env "^1.1.0"

balanced-match@^1.0.0:
  version "1.0.2"
  resolved "https://registry.yarnpkg.com/balanced-match/-/balanced-match-1.0.2.tgz#e83e3a7e3f300b34cb9d87f615fa0cbf357690ee"
  integrity sha512-3oSeUO0TMV67hN1AmbXsK4yaqU7tjiHlbxRDZOpH0KW9+CeX4bRAaX0Anxt0tx2MrpRpWwQaPwIlISEJhYU5Pw==

base64-js@^1.3.1:
  version "1.5.1"
  resolved "https://registry.yarnpkg.com/base64-js/-/base64-js-1.5.1.tgz#1b1b440160a5bf7ad40b650f095963481903930a"
  integrity sha512-AKpaYlHn8t4SVbOHCy+b5+KKgvR4vrsD8vbvrbiQJps7fKDTkjkDry6ji0rUJjC0kzbNePLwzxq8iypo41qeWA==

bignumber.js@*, bignumber.js@^9.0.1:
  version "9.1.1"
  resolved "https://registry.yarnpkg.com/bignumber.js/-/bignumber.js-9.1.1.tgz#c4df7dc496bd849d4c9464344c1aa74228b4dac6"
  integrity sha512-pHm4LsMJ6lzgNGVfZHjMoO8sdoRhOzOH4MLmY65Jg70bpxCKu5iOHNJyfF6OyvYw7t8Fpf35RuzUyqnQsj8Vig==

brace-expansion@^2.0.1:
  version "2.0.1"
  resolved "https://registry.yarnpkg.com/brace-expansion/-/brace-expansion-2.0.1.tgz#1edc459e0f0c548486ecf9fc99f2221364b9a0ae"
  integrity sha512-XnAIvQ8eM+kC6aULx6wuQiwVsnzsi9d3WxzV3FpWTGA19F621kwdbsAcFKXgKUHZWsy+mY6iL1sHTxWEFCytDA==
  dependencies:
    balanced-match "^1.0.0"

buffer@^6.0.3:
  version "6.0.3"
  resolved "https://registry.yarnpkg.com/buffer/-/buffer-6.0.3.tgz#2ace578459cc8fbe2a70aaa8f52ee63b6a74c6c6"
  integrity sha512-FTiCpNxtwiZZHEZbcbTIcZjERVICn9yq/pDFkTl95/AxzD1naBctN7YO68riM/gLSDY7sdrMby8hofADYuuqOA==
  dependencies:
    base64-js "^1.3.1"
    ieee754 "^1.2.1"

combined-stream@^1.0.8:
  version "1.0.8"
  resolved "https://registry.yarnpkg.com/combined-stream/-/combined-stream-1.0.8.tgz#c3d45a8b34fd730631a110a8a2520682b31d5a7f"
  integrity sha512-FQN4MRfuJeHf7cBbBMJFXhKSDq+2kAArBlmRBvcvFE5BB1HZKXtSFASDhdlz9zOYwxh8lDdnvmMOe/+5cdoEdg==
  dependencies:
    delayed-stream "~1.0.0"

crypto-js@^4.1.1:
  version "4.2.0"
  resolved "https://registry.yarnpkg.com/crypto-js/-/crypto-js-4.2.0.tgz#4d931639ecdfd12ff80e8186dba6af2c2e856631"
  integrity sha512-KALDyEYgpY+Rlob/iriUtjV6d5Eq+Y191A5g4UqLAi8CyGP9N1+FdVbkc1SxKc2r4YAYqG8JzO2KGL+AizD70Q==

csstype@^3.1.1:
  version "3.1.2"
  resolved "https://registry.yarnpkg.com/csstype/-/csstype-3.1.2.tgz#1d4bf9d572f11c14031f0436e1c10bc1f571f50b"
  integrity sha512-I7K1Uu0MBPzaFKg4nI5Q7Vs2t+3gWWW648spaF+Rg7pI9ds18Ugn+lvg4SHczUdKlHI5LWBXyqfS8+DufyBsgQ==

curve25519-js@^0.0.4:
  version "0.0.4"
  resolved "https://registry.yarnpkg.com/curve25519-js/-/curve25519-js-0.0.4.tgz#e6ad967e8cd284590d657bbfc90d8b50e49ba060"
  integrity sha512-axn2UMEnkhyDUPWOwVKBMVIzSQy2ejH2xRGy1wq81dqRwApXfIzfbE3hIX0ZRFBIihf/KDqK158DLwESu4AK1w==

de-indent@^1.0.2:
  version "1.0.2"
  resolved "https://registry.yarnpkg.com/de-indent/-/de-indent-1.0.2.tgz#b2038e846dc33baa5796128d0804b455b8c1e21d"
  integrity sha512-e/1zu3xH5MQryN2zdVaF0OrdNLUbvWxzMbi+iNA6Bky7l1RoP8a2fIbRocyHclXt/arDrrR6lL3TqFD9pMQTsg==

delayed-stream@~1.0.0:
  version "1.0.0"
  resolved "https://registry.yarnpkg.com/delayed-stream/-/delayed-stream-1.0.0.tgz#df3ae199acadfb7d440aaae0b29e2272b24ec619"
  integrity sha512-ZySD7Nf91aLB0RxL4KGrKHBXl7Eds1DAmEdcoVawXnLD7SDhpNgtuII2aAkg7a7QS41jxPSZ17p4VdGnMHk3MQ==

esbuild@^0.25.0:
  version "0.25.5"
  resolved "https://registry.yarnpkg.com/esbuild/-/esbuild-0.25.5.tgz#71075054993fdfae76c66586f9b9c1f8d7edd430"
  integrity sha512-P8OtKZRv/5J5hhz0cUAdu/cLuPIKXpQl1R9pZtvmHWQvrAUVd0UNIPT4IB4W3rNOqVO0rlqHmCIbSwxh/c9yUQ==
  optionalDependencies:
    "@esbuild/aix-ppc64" "0.25.5"
    "@esbuild/android-arm" "0.25.5"
    "@esbuild/android-arm64" "0.25.5"
    "@esbuild/android-x64" "0.25.5"
    "@esbuild/darwin-arm64" "0.25.5"
    "@esbuild/darwin-x64" "0.25.5"
    "@esbuild/freebsd-arm64" "0.25.5"
    "@esbuild/freebsd-x64" "0.25.5"
    "@esbuild/linux-arm" "0.25.5"
    "@esbuild/linux-arm64" "0.25.5"
    "@esbuild/linux-ia32" "0.25.5"
    "@esbuild/linux-loong64" "0.25.5"
    "@esbuild/linux-mips64el" "0.25.5"
    "@esbuild/linux-ppc64" "0.25.5"
    "@esbuild/linux-riscv64" "0.25.5"
    "@esbuild/linux-s390x" "0.25.5"
    "@esbuild/linux-x64" "0.25.5"
    "@esbuild/netbsd-arm64" "0.25.5"
    "@esbuild/netbsd-x64" "0.25.5"
    "@esbuild/openbsd-arm64" "0.25.5"
    "@esbuild/openbsd-x64" "0.25.5"
    "@esbuild/sunos-x64" "0.25.5"
    "@esbuild/win32-arm64" "0.25.5"
    "@esbuild/win32-ia32" "0.25.5"
    "@esbuild/win32-x64" "0.25.5"

estree-walker@^2.0.2:
  version "2.0.2"
  resolved "https://registry.yarnpkg.com/estree-walker/-/estree-walker-2.0.2.tgz#52f010178c2a4c117a7757cfe942adb7d2da4cac"
  integrity sha512-Rfkk/Mp/DL7JVje3u18FxFujQlTNR2q6QfMSMB7AvCBx91NGj/ba3kCfza0f6dVDbw7YlRf/nDrn7pQrCCyQ/w==

fdir@^6.4.4, fdir@^6.4.6:
  version "6.4.6"
  resolved "https://registry.yarnpkg.com/fdir/-/fdir-6.4.6.tgz#2b268c0232697063111bbf3f64810a2a741ba281"
  integrity sha512-hiFoqpyZcfNm1yc4u8oWCf9A2c4D3QjCrks3zmoVKVxpQRzmPNar1hUJcBG2RQHvEVGDN+Jm81ZheVLAQMK6+w==

follow-redirects@^1.15.6:
  version "1.15.9"
  resolved "https://registry.yarnpkg.com/follow-redirects/-/follow-redirects-1.15.9.tgz#a604fa10e443bf98ca94228d9eebcc2e8a2c8ee1"
  integrity sha512-gew4GsXizNgdoRyqmyfMHyAmXsZDk6mHkSxZFCzW9gwlbtOW44CDtYavM+y+72qD/Vq2l550kMF52DT8fOLJqQ==

form-data@^4.0.0:
  version "4.0.0"
  resolved "https://registry.yarnpkg.com/form-data/-/form-data-4.0.0.tgz#93919daeaf361ee529584b9b31664dc12c9fa452"
  integrity sha512-ETEklSGi5t0QMZuiXoA/Q6vcnxcLQP5vdugSpuAyi6SVGi2clPPp+xgEhuMaHC+zGgn31Kd235W35f7Hykkaww==
  dependencies:
    asynckit "^0.4.0"
    combined-stream "^1.0.8"
    mime-types "^2.1.12"

fsevents@~2.3.2:
  version "2.3.2"
  resolved "https://registry.yarnpkg.com/fsevents/-/fsevents-2.3.2.tgz#8a526f78b8fdf4623b709e0b975c52c24c02fd1a"
  integrity sha512-xiqMQR4xAeHTuB9uWm+fFRcIOgKBMiOBP+eXiyT7jsgVCq1bkVygt00oASowB7EdtpOHaaPgKt812P9ab+DDKA==

fsevents@~2.3.3:
  version "2.3.3"
  resolved "https://registry.yarnpkg.com/fsevents/-/fsevents-2.3.3.tgz#cac6407785d03675a2a5e1a5305c697b347d90d6"
  integrity sha512-5xoDfX+fL7faATnagmWPpbFtwh/R77WmMMqqHGS65C3vvB0YHrgF+B1YmZ3441tMj5n63k0212XNoJwzlhffQw==

he@^1.2.0:
  version "1.2.0"
  resolved "https://registry.yarnpkg.com/he/-/he-1.2.0.tgz#84ae65fa7eafb165fddb61566ae14baf05664f0f"
  integrity sha512-F/1DnUGPopORZi0ni+CvrCgHQ5FyEAHRLSApuYWMmrbSwoN2Mn/7k+Gl38gJnR7yyDZk6WLXwiGod1JOWNDKGw==

highlight.js@^11.11.1:
  version "11.11.1"
  resolved "https://registry.yarnpkg.com/highlight.js/-/highlight.js-11.11.1.tgz#fca06fa0e5aeecf6c4d437239135fabc15213585"
  integrity sha512-Xwwo44whKBVCYoliBQwaPvtd/2tYFkRQtXDWj1nackaV2JPXx3L0+Jvd8/qCJ2p+ML0/XVkJ2q+Mr+UVdpJK5w==

ieee754@^1.2.1:
  version "1.2.1"
  resolved "https://registry.yarnpkg.com/ieee754/-/ieee754-1.2.1.tgz#8eb7a10a63fff25d15a57b001586d177d1b0d352"
  integrity sha512-dcyqhDvX1C46lXZcVqCpK+FtMRQVdIMN6/Df5js2zouUsqG7I6sFxitIC+7KYK29KdXOLHdu9zL4sFnoVQnqaA==

magic-string@^0.30.0:
  version "0.30.0"
  resolved "https://registry.yarnpkg.com/magic-string/-/magic-string-0.30.0.tgz#fd58a4748c5c4547338a424e90fa5dd17f4de529"
  integrity sha512-LA+31JYDJLs82r2ScLrlz1GjSgu66ZV518eyWT+S8VhyQn/JL0u9MeBOvQMGYiPk1DBiSN9DDMOcXvigJZaViQ==
  dependencies:
    "@jridgewell/sourcemap-codec" "^1.4.13"

marked-highlight@^2.2.1:
  version "2.2.1"
  resolved "https://registry.yarnpkg.com/marked-highlight/-/marked-highlight-2.2.1.tgz#33b7fcac24088c0e0213229b7d01044a2974670d"
  integrity sha512-SiCIeEiQbs9TxGwle9/OwbOejHCZsohQRaNTY2u8euEXYt2rYUFoiImUirThU3Gd/o6Q1gHGtH9qloHlbJpNIA==

marked@^15.0.7:
  version "15.0.7"
  resolved "https://registry.yarnpkg.com/marked/-/marked-15.0.7.tgz#f67d7e34d202ce087e6b879107b5efb04e743314"
  integrity sha512-dgLIeKGLx5FwziAnsk4ONoGwHwGPJzselimvlVskE9XLN4Orv9u2VA3GWw/lYUqjfA0rUT/6fqKwfZJapP9BEg==

md5-typescript@^1.0.5:
  version "1.0.5"
  resolved "https://registry.yarnpkg.com/md5-typescript/-/md5-typescript-1.0.5.tgz#68c0b24dff8e5d3162e498fa9893b63be72e038f"
  integrity sha512-ovAc4EtiNt2dY8JPhPr/wkC9h4U5k/nuClNVcG0Ga3V1rMlYpAY24ZaaymFXJlz+ccJ6UMPo3FSaVKe7czBsXw==

mime-db@1.52.0:
  version "1.52.0"
  resolved "https://registry.yarnpkg.com/mime-db/-/mime-db-1.52.0.tgz#bbabcdc02859f4987301c856e3387ce5ec43bf70"
  integrity sha512-sPU4uV7dYlvtWJxwwxHD0PuihVNiE7TyAbQ5SWxDCB9mUYvOgroQOwYQQOKPJ8CIbE+1ETVlOoK1UC2nU3gYvg==

mime-types@^2.1.12:
  version "2.1.35"
  resolved "https://registry.yarnpkg.com/mime-types/-/mime-types-2.1.35.tgz#381a871b62a734450660ae3deee44813f70d959a"
  integrity sha512-ZDY+bPm5zTTF+YpCrAU9nK0UgICYPT0QtT1NZWFv4s++TNkcgVaT0g6+4R2uI4MjQjzysHB1zxuWL50hzaeXiw==
  dependencies:
    mime-db "1.52.0"

minimatch@^9.0.0:
  version "9.0.1"
  resolved "https://registry.yarnpkg.com/minimatch/-/minimatch-9.0.1.tgz#8a555f541cf976c622daf078bb28f29fb927c253"
  integrity sha512-0jWhJpD/MdhPXwPuiRkCbfYfSKp2qnn2eOc279qI7f+osl/l+prKSrvhg157zSYvx/1nmgn2NqdT6k2Z7zSH9w==
  dependencies:
    brace-expansion "^2.0.1"

muggle-string@^0.2.2:
  version "0.2.2"
  resolved "https://registry.yarnpkg.com/muggle-string/-/muggle-string-0.2.2.tgz#786aa53fea1652c61c6a59e1f839292b262bc72a"
  integrity sha512-YVE1mIJ4VpUMqZObFndk9CJu6DBJR/GB13p3tXuNbwD4XExaI5EOuRl6BHeIDxIqXZVxSfAC+y6U1Z/IxCfKUg==

nanoid@^3.3.11:
  version "3.3.11"
  resolved "https://registry.yarnpkg.com/nanoid/-/nanoid-3.3.11.tgz#4f4f112cefbe303202f2199838128936266d185b"
  integrity sha512-N8SpfPUnUp1bK+PMYW8qSWdl9U+wwNWI4QKxOYDy9JAro3WMX7p2OeVRF9v+347pnakNevPmiHhNmZ2HbFA76w==

picocolors@^1.1.1:
  version "1.1.1"
  resolved "https://registry.yarnpkg.com/picocolors/-/picocolors-1.1.1.tgz#3d321af3eab939b083c8f929a1d12cda81c26b6b"
  integrity sha512-xceH2snhtb5M9liqDsmEw56le376mTZkEX/jEb/RxNFyegNul7eNslCXP9FDj/Lcu0X8KEyMceP2ntpaHrDEVA==

picomatch@^4.0.2:
  version "4.0.2"
  resolved "https://registry.yarnpkg.com/picomatch/-/picomatch-4.0.2.tgz#77c742931e8f3b8820946c76cd0c1f13730d1dab"
  integrity sha512-M7BAV6Rlcy5u+m6oPhAPFgJTzAioX/6B0DxyvDlo9l8+T3nLKbrczg2WLUyzd45L8RqfUMyGPzekbMvX2Ldkwg==

postcss@^8.1.10, postcss@^8.5.6:
  version "8.5.6"
  resolved "https://registry.yarnpkg.com/postcss/-/postcss-8.5.6.tgz#2825006615a619b4f62a9e7426cc120b349a8f3c"
  integrity sha512-3Ybi1tAuwAP9s0r1UQ2J4n5Y0G05bJkpUIO0/bI9MhwmD70S5aTWbXGBwxHrelT+XM1k6dM0pk+SwNkpTRN7Pg==
  dependencies:
    nanoid "^3.3.11"
    picocolors "^1.1.1"
    source-map-js "^1.2.1"

process@^0.11.10:
  version "0.11.10"
  resolved "https://registry.yarnpkg.com/process/-/process-0.11.10.tgz#7332300e840161bda3e69a1d1d91a7d4bc16f182"
  integrity sha512-cdGef/drWFoydD1JsMzuFf8100nZl+GT+yacc2bEced5f9Rjk4z+WtFUTBu9PhOi9j/jfmBPu0mMEY4wIdAF8A==

proxy-from-env@^1.1.0:
  version "1.1.0"
  resolved "https://registry.yarnpkg.com/proxy-from-env/-/proxy-from-env-1.1.0.tgz#e102f16ca355424865755d2c9e8ea4f24d58c3e2"
  integrity sha512-D+zkORCbA9f1tdWRK0RaCR3GPv50cMxcrz4X8k5LTSUD1Dkw47mKJEZQNunItRTkWwgtaUSo1RVFRIG9ZXiFYg==

rollup@^4.40.0:
  version "4.44.1"
  resolved "https://registry.yarnpkg.com/rollup/-/rollup-4.44.1.tgz#641723932894e7acbe6052aea34b8e72ef8b7c8f"
  integrity sha512-x8H8aPvD+xbl0Do8oez5f5o8eMS3trfCghc4HhLAnCkj7Vl0d1JWGs0UF/D886zLW2rOj2QymV/JcSSsw+XDNg==
  dependencies:
    "@types/estree" "1.0.8"
  optionalDependencies:
    "@rollup/rollup-android-arm-eabi" "4.44.1"
    "@rollup/rollup-android-arm64" "4.44.1"
    "@rollup/rollup-darwin-arm64" "4.44.1"
    "@rollup/rollup-darwin-x64" "4.44.1"
    "@rollup/rollup-freebsd-arm64" "4.44.1"
    "@rollup/rollup-freebsd-x64" "4.44.1"
    "@rollup/rollup-linux-arm-gnueabihf" "4.44.1"
    "@rollup/rollup-linux-arm-musleabihf" "4.44.1"
    "@rollup/rollup-linux-arm64-gnu" "4.44.1"
    "@rollup/rollup-linux-arm64-musl" "4.44.1"
    "@rollup/rollup-linux-loongarch64-gnu" "4.44.1"
    "@rollup/rollup-linux-powerpc64le-gnu" "4.44.1"
    "@rollup/rollup-linux-riscv64-gnu" "4.44.1"
    "@rollup/rollup-linux-riscv64-musl" "4.44.1"
    "@rollup/rollup-linux-s390x-gnu" "4.44.1"
    "@rollup/rollup-linux-x64-gnu" "4.44.1"
    "@rollup/rollup-linux-x64-musl" "4.44.1"
    "@rollup/rollup-win32-arm64-msvc" "4.44.1"
    "@rollup/rollup-win32-ia32-msvc" "4.44.1"
    "@rollup/rollup-win32-x64-msvc" "4.44.1"
    fsevents "~2.3.2"

semver@^7.3.8:
  version "7.6.3"
  resolved "https://registry.yarnpkg.com/semver/-/semver-7.6.3.tgz#980f7b5550bc175fb4dc09403085627f9eb33143"
  integrity sha512-oVekP1cKtI+CTDvHWYFUcMtsK/00wmAEfyqKfNdARm8u1wNVhSgaX7A8d4UuIlUI5e84iEwOhs7ZPYRmzU9U6A==

source-map-js@^1.0.2:
  version "1.0.2"
  resolved "https://registry.yarnpkg.com/source-map-js/-/source-map-js-1.0.2.tgz#adbc361d9c62df380125e7f161f71c826f1e490c"
  integrity sha512-R0XvVJ9WusLiqTCEiGCmICCMplcCkIwwR11mOSD9CR5u+IXYdiseeEuXCVAjS54zqwkLcPNnmU4OeJ6tUrWhDw==

source-map-js@^1.2.1:
  version "1.2.1"
  resolved "https://registry.yarnpkg.com/source-map-js/-/source-map-js-1.2.1.tgz#1ce5650fddd87abc099eda37dcff024c2667ae46"
  integrity sha512-UXWMKhLOwVKb728IUtQPXxfYU+usdybtUrK/8uGE8CQMvrhOpwvzDBwj0QhSL7MQc7vIsISBG8VQ8+IDQxpfQA==

tinyglobby@^0.2.14:
  version "0.2.14"
  resolved "https://registry.yarnpkg.com/tinyglobby/-/tinyglobby-0.2.14.tgz#5280b0cf3f972b050e74ae88406c0a6a58f4079d"
  integrity sha512-tX5e7OM1HnYr2+a2C/4V0htOcSQcoSTH9KgJnVvNm5zm/cyEWKJ7j7YutsH9CxMdtOkkLFy2AHrMci9IM8IPZQ==
  dependencies:
    fdir "^6.4.4"
    picomatch "^4.0.2"

typescript@^4.9.3:
  version "4.9.5"
  resolved "https://registry.yarnpkg.com/typescript/-/typescript-4.9.5.tgz#095979f9bcc0d09da324d58d03ce8f8374cbe65a"
  integrity sha512-1FXk9E2Hm+QzZQ7z+McJiHL4NW1F2EzMu9Nq9i3zAaGqibafqYwCVU6WyWAuyQRRzOlxou8xZSyXLEN8oKj24g==

vite@^7.0.0:
  version "7.0.0"
  resolved "https://registry.yarnpkg.com/vite/-/vite-7.0.0.tgz#5675bb4c956dd9da932583628e7758ab09fe761f"
  integrity sha512-ixXJB1YRgDIw2OszKQS9WxGHKwLdCsbQNkpJN171udl6szi/rIySHL6/Os3s2+oE4P/FLD4dxg4mD7Wust+u5g==
  dependencies:
    esbuild "^0.25.0"
    fdir "^6.4.6"
    picomatch "^4.0.2"
    postcss "^8.5.6"
    rollup "^4.40.0"
    tinyglobby "^0.2.14"
  optionalDependencies:
    fsevents "~2.3.3"

vue-router@^4.0.13:
  version "4.0.13"
  resolved "https://registry.yarnpkg.com/vue-router/-/vue-router-4.0.13.tgz#47f06e2f8ff6120bfff3c27ade1356cc9de7d870"
  integrity sha512-LmXrC+BkDRLak+d5xTMgUYraT3Nj0H/vCbP+7usGvIl9Viqd1UP6AsP0i69pSbn9O0dXK/xCdp4yPw21HqV9Jw==
  dependencies:
    "@vue/devtools-api" "^6.0.0"

vue-template-compiler@^2.7.14:
  version "2.7.14"
  resolved "https://registry.yarnpkg.com/vue-template-compiler/-/vue-template-compiler-2.7.14.tgz#4545b7dfb88090744c1577ae5ac3f964e61634b1"
  integrity sha512-zyA5Y3ArvVG0NacJDkkzJuPQDF8RFeRlzV2vLeSnhSpieO6LK2OVbdLPi5MPPs09Ii+gMO8nY4S3iKQxBxDmWQ==
  dependencies:
    de-indent "^1.0.2"
    he "^1.2.0"

vue-tsc@^1.0.24:
  version "1.6.5"
  resolved "https://registry.yarnpkg.com/vue-tsc/-/vue-tsc-1.6.5.tgz#cd18804b12087c300b6c9ee2a1da41a63f11103e"
  integrity sha512-Wtw3J7CC+JM2OR56huRd5iKlvFWpvDiU+fO1+rqyu4V2nMTotShz4zbOZpW5g9fUOcjnyZYfBo5q5q+D/q27JA==
  dependencies:
    "@volar/vue-language-core" "1.6.5"
    "@volar/vue-typescript" "1.6.5"
    semver "^7.3.8"

vue@^3.2.45:
  version "3.3.4"
  resolved "https://registry.yarnpkg.com/vue/-/vue-3.3.4.tgz#8ed945d3873667df1d0fcf3b2463ada028f88bd6"
  integrity sha512-VTyEYn3yvIeY1Py0WaYGZsXnz3y5UnGi62GjVEqvEGPl6nxbOrCXbVOTQWBEJUqAyTUk2uJ5JLVnYJ6ZzGbrSw==
  dependencies:
    "@vue/compiler-dom" "3.3.4"
    "@vue/compiler-sfc" "3.3.4"
    "@vue/runtime-dom" "3.3.4"
    "@vue/server-renderer" "3.3.4"
    "@vue/shared" "3.3.4"

wukongimjssdk@^1.3.1:
  version "1.3.1"
  resolved "https://registry.yarnpkg.com/wukongimjssdk/-/wukongimjssdk-1.3.1.tgz#fde5deb57bfb6ab3c981f9d876b03adb6340611f"
  integrity sha512-ahUl5DqIRCCTTeW8qLxGYS4cmN6e3sx8Q6sVtdphLbpwvLhnmMZUf9lV9Z5tvGZ+2G41QcP4mG10z+W/derZLg==
  dependencies:
    "@types/bignumber.js" "^5.0.0"
    "@types/crypto-js" "^4.0.2"
    bignumber.js "^9.0.1"
    buffer "^6.0.3"
    crypto-js "^4.1.1"
    curve25519-js "^0.0.4"
    md5-typescript "^1.0.5"
